
Microsoft Visual Studio Solution File, Format Version 12.00
# Visual Studio Version 17
VisualStudioVersion = 17.0.31919.166
MinimumVisualStudioVersion = 10.0.40219.1
Project("{9A19103F-16F7-4668-BE54-9A1E7A4F7556}") = "Forms.Business", "Forms.Business\Forms.Business.csproj", "{A67EBB00-D9D0-49B9-AAA4-C73C219350DA}"
EndProject
Project("{9A19103F-16F7-4668-BE54-9A1E7A4F7556}") = "Forms.IntegrationTests", "Forms.IntegrationTests\Forms.IntegrationTests.csproj", "{7C19D503-BF12-4ED2-B1B0-A3433433ACE4}"
EndProject
Project("{FAE04EC0-301F-11D3-BF4B-00C04F79EFBC}") = "Forms.UnitTests", "Forms.UnitTests\Forms.UnitTests.csproj", "{91E1E498-835E-42EA-8A83-DC56D8032E03}"
EndProject
Global
	GlobalSection(SolutionConfigurationPlatforms) = preSolution
		Debug|Any CPU = Debug|Any CPU
		Release|Any CPU = Release|Any CPU
	EndGlobalSection
	GlobalSection(ProjectConfigurationPlatforms) = postSolution
		{A67EBB00-D9D0-49B9-AAA4-C73C219350DA}.Debug|Any CPU.ActiveCfg = Debug|Any CPU
		{A67EBB00-D9D0-49B9-AAA4-C73C219350DA}.Debug|Any CPU.Build.0 = Debug|Any CPU
		{A67EBB00-D9D0-49B9-AAA4-C73C219350DA}.Release|Any CPU.ActiveCfg = Release|Any CPU
		{A67EBB00-D9D0-49B9-AAA4-C73C219350DA}.Release|Any CPU.Build.0 = Release|Any CPU
		{7C19D503-BF12-4ED2-B1B0-A3433433ACE4}.Debug|Any CPU.ActiveCfg = Debug|Any CPU
		{7C19D503-BF12-4ED2-B1B0-A3433433ACE4}.Debug|Any CPU.Build.0 = Debug|Any CPU
		{7C19D503-BF12-4ED2-B1B0-A3433433ACE4}.Release|Any CPU.ActiveCfg = Release|Any CPU
		{7C19D503-BF12-4ED2-B1B0-A3433433ACE4}.Release|Any CPU.Build.0 = Release|Any CPU
		{91E1E498-835E-42EA-8A83-DC56D8032E03}.Debug|Any CPU.ActiveCfg = Debug|Any CPU
		{91E1E498-835E-42EA-8A83-DC56D8032E03}.Debug|Any CPU.Build.0 = Debug|Any CPU
		{91E1E498-835E-42EA-8A83-DC56D8032E03}.Release|Any CPU.ActiveCfg = Release|Any CPU
		{91E1E498-835E-42EA-8A83-DC56D8032E03}.Release|Any CPU.Build.0 = Release|Any CPU
	EndGlobalSection
	GlobalSection(SolutionProperties) = preSolution
		HideSolutionNode = FALSE
	EndGlobalSection
	GlobalSection(ExtensibilityGlobals) = postSolution
		SolutionGuid = {A2292489-08BC-4D42-878D-E2D4D12FF2AE}
	EndGlobalSection
EndGlobal
